
Microsoft Visual Studio Solution File, Format Version 12.00
# Visual Studio Version 17
VisualStudioVersion = 17.4.33103.184
MinimumVisualStudioVersion = 10.0.40219.1
Project("{FAE04EC0-301F-11D3-BF4B-00C04F79EFBC}") = "LicensingWithStripe", "LicensingWithStripe\LicensingWithStripe.csproj", "{7420524A-27ED-4D66-8C13-23327CD8F4F3}"
EndProject
Global
	GlobalSection(SolutionConfigurationPlatforms) = preSolution
		Debug|Any CPU = Debug|Any CPU
		Release|Any CPU = Release|Any CPU
	EndGlobalSection
	GlobalSection(ProjectConfigurationPlatforms) = postSolution
		{7420524A-27ED-4D66-8C13-23327CD8F4F3}.Debug|Any CPU.ActiveCfg = Debug|Any CPU
		{7420524A-27ED-4D66-8C13-23327CD8F4F3}.Debug|Any CPU.Build.0 = Debug|Any CPU
		{7420524A-27ED-4D66-8C13-23327CD8F4F3}.Release|Any CPU.ActiveCfg = Release|Any CPU
		{7420524A-27ED-4D66-8C13-23327CD8F4F3}.Release|Any CPU.Build.0 = Release|Any CPU
	EndGlobalSection
	GlobalSection(SolutionProperties) = preSolution
		HideSolutionNode = FALSE
	EndGlobalSection
	GlobalSection(ExtensibilityGlobals) = postSolution
		SolutionGuid = {D5085E4B-74E7-4003-B553-0617D7EB062C}
	EndGlobalSection
EndGlobal
